{
  "originHash" : "019fe91c36cd7b5c49888735478a9746ec2d209ad0cedfd7da6d0bb4c764dcfe",
  "pins" : [
    {
      "identity" : "alamofire",
      "kind" : "remoteSourceControl",
      "location" : "https://github.com/Alamofire/Alamofire",
      "state" : {
        "revision" : "513364f870f6bfc468f9d2ff0a95caccc10044c5",
        "version" : "5.10.2"
      }
    },
    {
      "identity" : "shuffleit",
      "kind" : "remoteSourceControl",
      "location" : "https://github.com/dscyrescotti/ShuffleIt",
      "state" : {
        "branch" : "main",
        "revision" : "e0e70737c1f32f72aec305036484b737ef9d0467"
      }
    }
  ],
  "version" : 3
}
