// !$*UTF8*$!
{
	archiveVersion = 1;
	classes = {
	};
	objectVersion = 77;
	objects = {

/* Begin PBXBuildFile section */
		CA09154C2DF128A400E272F8 /* Assets.xcassets in Resources */ = {isa = PBXBuildFile; fileRef = CA0915482DF128A400E272F8 /* Assets.xcassets */; };
		CA09154D2DF128A400E272F8 /* ContentView.swift in Sources */ = {isa = PBXBuildFile; fileRef = CA0915492DF128A400E272F8 /* ContentView.swift */; };
		CA09154E2DF128A400E272F8 /* JamjamApp.swift in Sources */ = {isa = PBXBuildFile; fileRef = CA09154A2DF128A400E272F8 /* JamjamApp.swift */; };
		CA0915522DF129EC00E272F8 /* .gitignore in Resources */ = {isa = PBXBuildFile; fileRef = CA0915512DF129EC00E272F8 /* .gitignore */; };
		CA0915542DF12B7E00E272F8 /* NavigationBaseView.swift in Sources */ = {isa = PBXBuildFile; fileRef = CA0915532DF12B7E00E272F8 /* NavigationBaseView.swift */; };
		CA0915562DF12B9400E272F8 /* AisleView.swift in Sources */ = {isa = PBXBuildFile; fileRef = CA0915552DF12B9400E272F8 /* AisleView.swift */; };
		CA0915582DF12BBF00E272F8 /* MainTabView.swift in Sources */ = {isa = PBXBuildFile; fileRef = CA0915572DF12BBF00E272F8 /* MainTabView.swift */; };
		CA09155B2DF12CF700E272F8 /* NavigationRouter.swift in Sources */ = {isa = PBXBuildFile; fileRef = CA09155A2DF12CF700E272F8 /* NavigationRouter.swift */; };
		CA09155D2DF12D6A00E272F8 /* NavigationDestinationPath.swift in Sources */ = {isa = PBXBuildFile; fileRef = CA09155C2DF12D6A00E272F8 /* NavigationDestinationPath.swift */; };
		CA0BAD972E05BC6400595A80 /* Pretendard-Bold.otf in Resources */ = {isa = PBXBuildFile; fileRef = CA0BAD8F2E05BC6400595A80 /* Pretendard-Bold.otf */; };
		CA0BAD982E05BC6400595A80 /* Pretendard-Thin.otf in Resources */ = {isa = PBXBuildFile; fileRef = CA0BAD962E05BC6400595A80 /* Pretendard-Thin.otf */; };
		CA0BAD992E05BC6400595A80 /* Pretendard-Regular.otf in Resources */ = {isa = PBXBuildFile; fileRef = CA0BAD942E05BC6400595A80 /* Pretendard-Regular.otf */; };
		CA0BAD9A2E05BC6400595A80 /* Pretendard-Medium.otf in Resources */ = {isa = PBXBuildFile; fileRef = CA0BAD932E05BC6400595A80 /* Pretendard-Medium.otf */; };
		CA0BAD9B2E05BC6400595A80 /* Pretendard-ExtraBold.otf in Resources */ = {isa = PBXBuildFile; fileRef = CA0BAD902E05BC6400595A80 /* Pretendard-ExtraBold.otf */; };
		CA0BAD9C2E05BC6400595A80 /* Pretendard-ExtraLight.otf in Resources */ = {isa = PBXBuildFile; fileRef = CA0BAD912E05BC6400595A80 /* Pretendard-ExtraLight.otf */; };
		CA0BAD9D2E05BC6400595A80 /* Pretendard-Light.otf in Resources */ = {isa = PBXBuildFile; fileRef = CA0BAD922E05BC6400595A80 /* Pretendard-Light.otf */; };
		CA0BAD9E2E05BC6400595A80 /* Pretendard-SemiBold.otf in Resources */ = {isa = PBXBuildFile; fileRef = CA0BAD952E05BC6400595A80 /* Pretendard-SemiBold.otf */; };
		CA0BAD9F2E05BC6400595A80 /* Pretendard-Black.otf in Resources */ = {isa = PBXBuildFile; fileRef = CA0BAD8E2E05BC6400595A80 /* Pretendard-Black.otf */; };
		CA35935C2E0511C70069FAF8 /* CategoryView.swift in Sources */ = {isa = PBXBuildFile; fileRef = CA35935B2E0511C70069FAF8 /* CategoryView.swift */; };
		CA35935F2E0514AE0069FAF8 /* CategoryViewModel.swift in Sources */ = {isa = PBXBuildFile; fileRef = CA35935E2E0514AE0069FAF8 /* CategoryViewModel.swift */; };
		CA3593642E0565750069FAF8 /* ScrollOffsetKey.swift in Sources */ = {isa = PBXBuildFile; fileRef = CA3593632E0565750069FAF8 /* ScrollOffsetKey.swift */; };
		CA3593662E05952B0069FAF8 /* CategoryContentView.swift in Sources */ = {isa = PBXBuildFile; fileRef = CA3593652E05952B0069FAF8 /* CategoryContentView.swift */; };
		CA5C5E7C2E09688700FB1E22 /* FontType.swift in Sources */ = {isa = PBXBuildFile; fileRef = CA5C5E7B2E09688700FB1E22 /* FontType.swift */; };
		CA5C5E7F2E096A7D00FB1E22 /* Pretendard.swift in Sources */ = {isa = PBXBuildFile; fileRef = CA5C5E7E2E096A7D00FB1E22 /* Pretendard.swift */; };
		CA5C5E812E096AAA00FB1E22 /* Font+Pretendard.swift in Sources */ = {isa = PBXBuildFile; fileRef = CA5C5E802E096AAA00FB1E22 /* Font+Pretendard.swift */; };
		CA83F6E52DFAF788005377E6 /* Color+Hex.swift in Sources */ = {isa = PBXBuildFile; fileRef = CA83F6E42DFAF788005377E6 /* Color+Hex.swift */; };
		CA83F6E72DFAF7DF005377E6 /* Color+MainBackground.swift in Sources */ = {isa = PBXBuildFile; fileRef = CA83F6E62DFAF7DF005377E6 /* Color+MainBackground.swift */; };
		CA87FF6F2E00305600C8C830 /* CarouselStack in Frameworks */ = {isa = PBXBuildFile; productRef = CA87FF6E2E00305600C8C830 /* CarouselStack */; };
		CA87FF712E00305600C8C830 /* ShuffleDeck in Frameworks */ = {isa = PBXBuildFile; productRef = CA87FF702E00305600C8C830 /* ShuffleDeck */; };
		CA87FF732E00305600C8C830 /* ShuffleIt in Frameworks */ = {isa = PBXBuildFile; productRef = CA87FF722E00305600C8C830 /* ShuffleIt */; };
		CA87FF752E00305600C8C830 /* ShuffleStack in Frameworks */ = {isa = PBXBuildFile; productRef = CA87FF742E00305600C8C830 /* ShuffleStack */; };
		CA87FF782E014B7A00C8C830 /* SignUpViewModel.swift in Sources */ = {isa = PBXBuildFile; fileRef = CA87FF772E014B7A00C8C830 /* SignUpViewModel.swift */; };
		CA87FF7B2E014C3300C8C830 /* JJUser.swift in Sources */ = {isa = PBXBuildFile; fileRef = CA87FF7A2E014C3300C8C830 /* JJUser.swift */; };
		CA87FF7D2E024B5000C8C830 /* Gender.swift in Sources */ = {isa = PBXBuildFile; fileRef = CA87FF7C2E024B5000C8C830 /* Gender.swift */; };
		CA87FF7F2E02829D00C8C830 /* NavigationBarTitleAndHomeModifier.swift in Sources */ = {isa = PBXBuildFile; fileRef = CA87FF7E2E02829D00C8C830 /* NavigationBarTitleAndHomeModifier.swift */; };
		CA87FF822E0284EB00C8C830 /* ModifierIf.swift in Sources */ = {isa = PBXBuildFile; fileRef = CA87FF812E0284EB00C8C830 /* ModifierIf.swift */; };
		CA87FF8A2E02B66600C8C830 /* SignUpViewModel+Validate.swift in Sources */ = {isa = PBXBuildFile; fileRef = CA87FF892E02B66600C8C830 /* SignUpViewModel+Validate.swift */; };
		CA87FF922E03DA8600C8C830 /* SignUpViewModel+IdentifyPhoneNumber.swift in Sources */ = {isa = PBXBuildFile; fileRef = CA87FF912E03DA8600C8C830 /* SignUpViewModel+IdentifyPhoneNumber.swift */; };
		CA87FF942E040FDE00C8C830 /* SignUpViewModel+Complete.swift in Sources */ = {isa = PBXBuildFile; fileRef = CA87FF932E040FDE00C8C830 /* SignUpViewModel+Complete.swift */; };
		CA9609932DFBDE9B00B878C6 /* SearchView.swift in Sources */ = {isa = PBXBuildFile; fileRef = CA9609922DFBDE9B00B878C6 /* SearchView.swift */; };
		CA9609962DFBDF2900B878C6 /* SearchViewModel.swift in Sources */ = {isa = PBXBuildFile; fileRef = CA9609952DFBDF2900B878C6 /* SearchViewModel.swift */; };
		CA96099A2DFBE06400B878C6 /* NavigationBarBackModifier.swift in Sources */ = {isa = PBXBuildFile; fileRef = CA9609992DFBE06400B878C6 /* NavigationBarBackModifier.swift */; };
		CA96099C2DFBE08A00B878C6 /* NavigationBarBackAndHomeModifier.swift in Sources */ = {isa = PBXBuildFile; fileRef = CA96099B2DFBE08A00B878C6 /* NavigationBarBackAndHomeModifier.swift */; };
		CA96099E2DFBE0F500B878C6 /* NavigationBarBackAndTitleModifier.swift in Sources */ = {isa = PBXBuildFile; fileRef = CA96099D2DFBE0F500B878C6 /* NavigationBarBackAndTitleModifier.swift */; };
		CA9609A22DFBE1E100B878C6 /* NavigationBackGestureEnable.swift in Sources */ = {isa = PBXBuildFile; fileRef = CA9609A12DFBE1E100B878C6 /* NavigationBackGestureEnable.swift */; };
		CA9609A42DFFCD7B00B878C6 /* Color+MainTitle.swift in Sources */ = {isa = PBXBuildFile; fileRef = CA9609A32DFFCD7B00B878C6 /* Color+MainTitle.swift */; };
		CA9609A72DFFCF8100B878C6 /* MainTabBar.swift in Sources */ = {isa = PBXBuildFile; fileRef = CA9609A62DFFCF8100B878C6 /* MainTabBar.swift */; };
		CA9609AA2DFFCFFD00B878C6 /* MainTabBarCapsule.swift in Sources */ = {isa = PBXBuildFile; fileRef = CA9609A92DFFCFFD00B878C6 /* MainTabBarCapsule.swift */; };
		CA9609AD2DFFD02300B878C6 /* MainTab.swift in Sources */ = {isa = PBXBuildFile; fileRef = CA9609AC2DFFD02300B878C6 /* MainTab.swift */; };
		CA9609B02DFFD17900B878C6 /* CornerRadius.swift in Sources */ = {isa = PBXBuildFile; fileRef = CA9609AF2DFFD17900B878C6 /* CornerRadius.swift */; };
		CA9609B22DFFD2BF00B878C6 /* RoundedCorner.swift in Sources */ = {isa = PBXBuildFile; fileRef = CA9609B12DFFD2BF00B878C6 /* RoundedCorner.swift */; };
		CA9609B52DFFD50400B878C6 /* ProfileView.swift in Sources */ = {isa = PBXBuildFile; fileRef = CA9609B42DFFD50400B878C6 /* ProfileView.swift */; };
		CA9609B82DFFD85D00B878C6 /* LoginView.swift in Sources */ = {isa = PBXBuildFile; fileRef = CA9609B72DFFD85D00B878C6 /* LoginView.swift */; };
		CA9609BB2DFFDA6100B878C6 /* LoginViewModel.swift in Sources */ = {isa = PBXBuildFile; fileRef = CA9609BA2DFFDA6100B878C6 /* LoginViewModel.swift */; };
		CA9609BE2DFFE36300B878C6 /* SignUpView.swift in Sources */ = {isa = PBXBuildFile; fileRef = CA9609BD2DFFE36300B878C6 /* SignUpView.swift */; };
		CA9609C72E0018D800B878C6 /* TextFieldFocusField.swift in Sources */ = {isa = PBXBuildFile; fileRef = CA9609C62E0018D800B878C6 /* TextFieldFocusField.swift */; };
		CA9609CA2E00225500B878C6 /* MainBackground.swift in Sources */ = {isa = PBXBuildFile; fileRef = CA9609C92E00225500B878C6 /* MainBackground.swift */; };
		CA9E38D92DFA5D3500AE12DD /* HomeView.swift in Sources */ = {isa = PBXBuildFile; fileRef = CA9E38D82DFA5D3500AE12DD /* HomeView.swift */; };
		CA9E38DC2DFA5FD000AE12DD /* HomeViewModel.swift in Sources */ = {isa = PBXBuildFile; fileRef = CA9E38DB2DFA5FD000AE12DD /* HomeViewModel.swift */; };
		CA9E38DF2DFA666700AE12DD /* CarouselCard.swift in Sources */ = {isa = PBXBuildFile; fileRef = CA9E38DE2DFA666700AE12DD /* CarouselCard.swift */; };
		CABB13BE2DF69261007C9E35 /* SplashView.swift in Sources */ = {isa = PBXBuildFile; fileRef = CABB13BD2DF69261007C9E35 /* SplashView.swift */; };
/* End PBXBuildFile section */

/* Begin PBXFileReference section */
		CA09153A2DF1289A00E272F8 /* Jamjam.app */ = {isa = PBXFileReference; explicitFileType = wrapper.application; includeInIndex = 0; path = Jamjam.app; sourceTree = BUILT_PRODUCTS_DIR; };
		CA0915482DF128A400E272F8 /* Assets.xcassets */ = {isa = PBXFileReference; lastKnownFileType = folder.assetcatalog; path = Assets.xcassets; sourceTree = "<group>"; };
		CA0915492DF128A400E272F8 /* ContentView.swift */ = {isa = PBXFileReference; lastKnownFileType = sourcecode.swift; path = ContentView.swift; sourceTree = "<group>"; };
		CA09154A2DF128A400E272F8 /* JamjamApp.swift */ = {isa = PBXFileReference; lastKnownFileType = sourcecode.swift; path = JamjamApp.swift; sourceTree = "<group>"; };
		CA09154F2DF129C900E272F8 /* Config.xcconfig */ = {isa = PBXFileReference; lastKnownFileType = text.xcconfig; path = Config.xcconfig; sourceTree = "<group>"; };
		CA0915512DF129EC00E272F8 /* .gitignore */ = {isa = PBXFileReference; lastKnownFileType = text; path = .gitignore; sourceTree = "<group>"; };
		CA0915532DF12B7E00E272F8 /* NavigationBaseView.swift */ = {isa = PBXFileReference; lastKnownFileType = sourcecode.swift; path = NavigationBaseView.swift; sourceTree = "<group>"; };
		CA0915552DF12B9400E272F8 /* AisleView.swift */ = {isa = PBXFileReference; lastKnownFileType = sourcecode.swift; path = AisleView.swift; sourceTree = "<group>"; };
		CA0915572DF12BBF00E272F8 /* MainTabView.swift */ = {isa = PBXFileReference; lastKnownFileType = sourcecode.swift; path = MainTabView.swift; sourceTree = "<group>"; };
		CA09155A2DF12CF700E272F8 /* NavigationRouter.swift */ = {isa = PBXFileReference; lastKnownFileType = sourcecode.swift; path = NavigationRouter.swift; sourceTree = "<group>"; };
		CA09155C2DF12D6A00E272F8 /* NavigationDestinationPath.swift */ = {isa = PBXFileReference; lastKnownFileType = sourcecode.swift; path = NavigationDestinationPath.swift; sourceTree = "<group>"; };
		CA0BAD642E05A27400595A80 /* Info.plist */ = {isa = PBXFileReference; lastKnownFileType = text.plist; path = Info.plist; sourceTree = "<group>"; };
		CA0BAD8E2E05BC6400595A80 /* Pretendard-Black.otf */ = {isa = PBXFileReference; lastKnownFileType = file; path = "Pretendard-Black.otf"; sourceTree = "<group>"; };
		CA0BAD8F2E05BC6400595A80 /* Pretendard-Bold.otf */ = {isa = PBXFileReference; lastKnownFileType = file; path = "Pretendard-Bold.otf"; sourceTree = "<group>"; };
		CA0BAD902E05BC6400595A80 /* Pretendard-ExtraBold.otf */ = {isa = PBXFileReference; lastKnownFileType = file; path = "Pretendard-ExtraBold.otf"; sourceTree = "<group>"; };
		CA0BAD912E05BC6400595A80 /* Pretendard-ExtraLight.otf */ = {isa = PBXFileReference; lastKnownFileType = file; path = "Pretendard-ExtraLight.otf"; sourceTree = "<group>"; };
		CA0BAD922E05BC6400595A80 /* Pretendard-Light.otf */ = {isa = PBXFileReference; lastKnownFileType = file; path = "Pretendard-Light.otf"; sourceTree = "<group>"; };
		CA0BAD932E05BC6400595A80 /* Pretendard-Medium.otf */ = {isa = PBXFileReference; lastKnownFileType = file; path = "Pretendard-Medium.otf"; sourceTree = "<group>"; };
		CA0BAD942E05BC6400595A80 /* Pretendard-Regular.otf */ = {isa = PBXFileReference; lastKnownFileType = file; path = "Pretendard-Regular.otf"; sourceTree = "<group>"; };
		CA0BAD952E05BC6400595A80 /* Pretendard-SemiBold.otf */ = {isa = PBXFileReference; lastKnownFileType = file; path = "Pretendard-SemiBold.otf"; sourceTree = "<group>"; };
		CA0BAD962E05BC6400595A80 /* Pretendard-Thin.otf */ = {isa = PBXFileReference; lastKnownFileType = file; path = "Pretendard-Thin.otf"; sourceTree = "<group>"; };
		CA35935B2E0511C70069FAF8 /* CategoryView.swift */ = {isa = PBXFileReference; lastKnownFileType = sourcecode.swift; path = CategoryView.swift; sourceTree = "<group>"; };
		CA35935E2E0514AE0069FAF8 /* CategoryViewModel.swift */ = {isa = PBXFileReference; lastKnownFileType = sourcecode.swift; path = CategoryViewModel.swift; sourceTree = "<group>"; };
		CA3593632E0565750069FAF8 /* ScrollOffsetKey.swift */ = {isa = PBXFileReference; lastKnownFileType = sourcecode.swift; path = ScrollOffsetKey.swift; sourceTree = "<group>"; };
		CA3593652E05952B0069FAF8 /* CategoryContentView.swift */ = {isa = PBXFileReference; lastKnownFileType = sourcecode.swift; path = CategoryContentView.swift; sourceTree = "<group>"; };
		CA5C5E7B2E09688700FB1E22 /* FontType.swift */ = {isa = PBXFileReference; lastKnownFileType = sourcecode.swift; path = FontType.swift; sourceTree = "<group>"; };
		CA5C5E7E2E096A7D00FB1E22 /* Pretendard.swift */ = {isa = PBXFileReference; lastKnownFileType = sourcecode.swift; path = Pretendard.swift; sourceTree = "<group>"; };
		CA5C5E802E096AAA00FB1E22 /* Font+Pretendard.swift */ = {isa = PBXFileReference; lastKnownFileType = sourcecode.swift; path = "Font+Pretendard.swift"; sourceTree = "<group>"; };
		CA83F6E42DFAF788005377E6 /* Color+Hex.swift */ = {isa = PBXFileReference; lastKnownFileType = sourcecode.swift; path = "Color+Hex.swift"; sourceTree = "<group>"; };
		CA83F6E62DFAF7DF005377E6 /* Color+MainBackground.swift */ = {isa = PBXFileReference; lastKnownFileType = sourcecode.swift; path = "Color+MainBackground.swift"; sourceTree = "<group>"; };
		CA87FF772E014B7A00C8C830 /* SignUpViewModel.swift */ = {isa = PBXFileReference; lastKnownFileType = sourcecode.swift; path = SignUpViewModel.swift; sourceTree = "<group>"; };
		CA87FF7A2E014C3300C8C830 /* JJUser.swift */ = {isa = PBXFileReference; lastKnownFileType = sourcecode.swift; path = JJUser.swift; sourceTree = "<group>"; };
		CA87FF7C2E024B5000C8C830 /* Gender.swift */ = {isa = PBXFileReference; lastKnownFileType = sourcecode.swift; path = Gender.swift; sourceTree = "<group>"; };
		CA87FF7E2E02829D00C8C830 /* NavigationBarTitleAndHomeModifier.swift */ = {isa = PBXFileReference; lastKnownFileType = sourcecode.swift; path = NavigationBarTitleAndHomeModifier.swift; sourceTree = "<group>"; };
		CA87FF812E0284EB00C8C830 /* ModifierIf.swift */ = {isa = PBXFileReference; lastKnownFileType = sourcecode.swift; path = ModifierIf.swift; sourceTree = "<group>"; };
		CA87FF892E02B66600C8C830 /* SignUpViewModel+Validate.swift */ = {isa = PBXFileReference; lastKnownFileType = sourcecode.swift; path = "SignUpViewModel+Validate.swift"; sourceTree = "<group>"; };
		CA87FF912E03DA8600C8C830 /* SignUpViewModel+IdentifyPhoneNumber.swift */ = {isa = PBXFileReference; lastKnownFileType = sourcecode.swift; path = "SignUpViewModel+IdentifyPhoneNumber.swift"; sourceTree = "<group>"; };
		CA87FF932E040FDE00C8C830 /* SignUpViewModel+Complete.swift */ = {isa = PBXFileReference; lastKnownFileType = sourcecode.swift; path = "SignUpViewModel+Complete.swift"; sourceTree = "<group>"; };
		CA9609922DFBDE9B00B878C6 /* SearchView.swift */ = {isa = PBXFileReference; lastKnownFileType = sourcecode.swift; path = SearchView.swift; sourceTree = "<group>"; };
		CA9609952DFBDF2900B878C6 /* SearchViewModel.swift */ = {isa = PBXFileReference; lastKnownFileType = sourcecode.swift; path = SearchViewModel.swift; sourceTree = "<group>"; };
		CA9609992DFBE06400B878C6 /* NavigationBarBackModifier.swift */ = {isa = PBXFileReference; lastKnownFileType = sourcecode.swift; path = NavigationBarBackModifier.swift; sourceTree = "<group>"; };
		CA96099B2DFBE08A00B878C6 /* NavigationBarBackAndHomeModifier.swift */ = {isa = PBXFileReference; lastKnownFileType = sourcecode.swift; path = NavigationBarBackAndHomeModifier.swift; sourceTree = "<group>"; };
		CA96099D2DFBE0F500B878C6 /* NavigationBarBackAndTitleModifier.swift */ = {isa = PBXFileReference; lastKnownFileType = sourcecode.swift; path = NavigationBarBackAndTitleModifier.swift; sourceTree = "<group>"; };
		CA9609A12DFBE1E100B878C6 /* NavigationBackGestureEnable.swift */ = {isa = PBXFileReference; lastKnownFileType = sourcecode.swift; path = NavigationBackGestureEnable.swift; sourceTree = "<group>"; };
		CA9609A32DFFCD7B00B878C6 /* Color+MainTitle.swift */ = {isa = PBXFileReference; lastKnownFileType = sourcecode.swift; path = "Color+MainTitle.swift"; sourceTree = "<group>"; };
		CA9609A62DFFCF8100B878C6 /* MainTabBar.swift */ = {isa = PBXFileReference; lastKnownFileType = sourcecode.swift; path = MainTabBar.swift; sourceTree = "<group>"; };
		CA9609A92DFFCFFD00B878C6 /* MainTabBarCapsule.swift */ = {isa = PBXFileReference; lastKnownFileType = sourcecode.swift; path = MainTabBarCapsule.swift; sourceTree = "<group>"; };
		CA9609AC2DFFD02300B878C6 /* MainTab.swift */ = {isa = PBXFileReference; lastKnownFileType = sourcecode.swift; path = MainTab.swift; sourceTree = "<group>"; };
		CA9609AF2DFFD17900B878C6 /* CornerRadius.swift */ = {isa = PBXFileReference; lastKnownFileType = sourcecode.swift; path = CornerRadius.swift; sourceTree = "<group>"; };
		CA9609B12DFFD2BF00B878C6 /* RoundedCorner.swift */ = {isa = PBXFileReference; lastKnownFileType = sourcecode.swift; path = RoundedCorner.swift; sourceTree = "<group>"; };
		CA9609B42DFFD50400B878C6 /* ProfileView.swift */ = {isa = PBXFileReference; lastKnownFileType = sourcecode.swift; path = ProfileView.swift; sourceTree = "<group>"; };
		CA9609B72DFFD85D00B878C6 /* LoginView.swift */ = {isa = PBXFileReference; lastKnownFileType = sourcecode.swift; path = LoginView.swift; sourceTree = "<group>"; };
		CA9609BA2DFFDA6100B878C6 /* LoginViewModel.swift */ = {isa = PBXFileReference; lastKnownFileType = sourcecode.swift; path = LoginViewModel.swift; sourceTree = "<group>"; };
		CA9609BD2DFFE36300B878C6 /* SignUpView.swift */ = {isa = PBXFileReference; lastKnownFileType = sourcecode.swift; path = SignUpView.swift; sourceTree = "<group>"; };
		CA9609C62E0018D800B878C6 /* TextFieldFocusField.swift */ = {isa = PBXFileReference; lastKnownFileType = sourcecode.swift; path = TextFieldFocusField.swift; sourceTree = "<group>"; };
		CA9609C92E00225500B878C6 /* MainBackground.swift */ = {isa = PBXFileReference; lastKnownFileType = sourcecode.swift; path = MainBackground.swift; sourceTree = "<group>"; };
		CA9E38D82DFA5D3500AE12DD /* HomeView.swift */ = {isa = PBXFileReference; lastKnownFileType = sourcecode.swift; path = HomeView.swift; sourceTree = "<group>"; };
		CA9E38DB2DFA5FD000AE12DD /* HomeViewModel.swift */ = {isa = PBXFileReference; lastKnownFileType = sourcecode.swift; path = HomeViewModel.swift; sourceTree = "<group>"; };
		CA9E38DE2DFA666700AE12DD /* CarouselCard.swift */ = {isa = PBXFileReference; lastKnownFileType = sourcecode.swift; path = CarouselCard.swift; sourceTree = "<group>"; };
		CABB13BD2DF69261007C9E35 /* SplashView.swift */ = {isa = PBXFileReference; lastKnownFileType = sourcecode.swift; path = SplashView.swift; sourceTree = "<group>"; };
/* End PBXFileReference section */

/* Begin PBXFrameworksBuildPhase section */
		CA0915372DF1289A00E272F8 /* Frameworks */ = {
			isa = PBXFrameworksBuildPhase;
			buildActionMask = 2147483647;
			files = (
				CA87FF6F2E00305600C8C830 /* CarouselStack in Frameworks */,
				CA87FF712E00305600C8C830 /* ShuffleDeck in Frameworks */,
				CA87FF732E00305600C8C830 /* ShuffleIt in Frameworks */,
				CA87FF752E00305600C8C830 /* ShuffleStack in Frameworks */,
			);
			runOnlyForDeploymentPostprocessing = 0;
		};
/* End PBXFrameworksBuildPhase section */

/* Begin PBXGroup section */
		CA0915312DF1289A00E272F8 = {
			isa = PBXGroup;
			children = (
				CA09154B2DF128A400E272F8 /* Jamjam */,
				CA09153B2DF1289A00E272F8 /* Products */,
			);
			sourceTree = "<group>";
		};
		CA09153B2DF1289A00E272F8 /* Products */ = {
			isa = PBXGroup;
			children = (
				CA09153A2DF1289A00E272F8 /* Jamjam.app */,
			);
			name = Products;
			sourceTree = "<group>";
		};
		CA09154B2DF128A400E272F8 /* Jamjam */ = {
			isa = PBXGroup;
			children = (
				CA0BAD642E05A27400595A80 /* Info.plist */,
				CA09154A2DF128A400E272F8 /* JamjamApp.swift */,
				CA0915532DF12B7E00E272F8 /* NavigationBaseView.swift */,
				CA0915552DF12B9400E272F8 /* AisleView.swift */,
				CA0915492DF128A400E272F8 /* ContentView.swift */,
				CA0915572DF12BBF00E272F8 /* MainTabView.swift */,
				CA0915592DF12CE600E272F8 /* Navigation */,
				CA09155F2DF12EBD00E272F8 /* View (V) */,
				CABB13BB2DF690BE007C9E35 /* View Model (VM) */,
				CA09155E2DF12E8600E272F8 /* Model (M) */,
				CA0915602DF12EDC00E272F8 /* Component */,
				CA0915612DF12EE800E272F8 /* Enum */,
				CA0915482DF128A400E272F8 /* Assets.xcassets */,
				CA09154F2DF129C900E272F8 /* Config.xcconfig */,
				CA0915512DF129EC00E272F8 /* .gitignore */,
			);
			path = Jamjam;
			sourceTree = "<group>";
		};
		CA0915592DF12CE600E272F8 /* Navigation */ = {
			isa = PBXGroup;
			children = (
				CA09155A2DF12CF700E272F8 /* NavigationRouter.swift */,
			);
			path = Navigation;
			sourceTree = "<group>";
		};
		CA09155E2DF12E8600E272F8 /* Model (M) */ = {
			isa = PBXGroup;
			children = (
			);
			path = "Model (M)";
			sourceTree = "<group>";
		};
		CA09155F2DF12EBD00E272F8 /* View (V) */ = {
			isa = PBXGroup;
			children = (
				CABB13BC2DF6923A007C9E35 /* Splash */,
				CA9609B62DFFD7EB00B878C6 /* Auth */,
				CA9E38D72DFA5D2300AE12DD /* Home */,
				CA9609B32DFFD4F300B878C6 /* Profile */,
			);
			path = "View (V)";
			sourceTree = "<group>";
		};
		CA0915602DF12EDC00E272F8 /* Component */ = {
			isa = PBXGroup;
			children = (
				CA0BAD612E05A23300595A80 /* Font */,
				CA3593622E0565600069FAF8 /* PreferenceKey */,
				CA9609C82E00222A00B878C6 /* Background */,
				CA9609AE2DFFD14200B878C6 /* View Editor */,
				CA9609A82DFFCFEA00B878C6 /* Capsule */,
				CA9609A52DFFCF6200B878C6 /* TabBar */,
				CA96099F2DFBE1B400B878C6 /* Gesture */,
				CA9609972DFBE05300B878C6 /* Modifier */,
				CA83F6E32DFAF77D005377E6 /* Color */,
				CA9E38DD2DFA664B00AE12DD /* Carousel */,
			);
			path = Component;
			sourceTree = "<group>";
		};
		CA0915612DF12EE800E272F8 /* Enum */ = {
			isa = PBXGroup;
			children = (
				CA5C5E7A2E09687A00FB1E22 /* Font */,
				CA87FF792E014C2B00C8C830 /* User */,
				CA9609C52E0018BE00B878C6 /* FocusField */,
				CA9609AB2DFFD01800B878C6 /* TabBar */,
				CA0915622DF12EF000E272F8 /* Navigation */,
			);
			path = Enum;
			sourceTree = "<group>";
		};
		CA0915622DF12EF000E272F8 /* Navigation */ = {
			isa = PBXGroup;
			children = (
				CA09155C2DF12D6A00E272F8 /* NavigationDestinationPath.swift */,
			);
			path = Navigation;
			sourceTree = "<group>";
		};
		CA0BAD612E05A23300595A80 /* Font */ = {
			isa = PBXGroup;
			children = (
				CA5C5E7E2E096A7D00FB1E22 /* Pretendard.swift */,
				CA5C5E802E096AAA00FB1E22 /* Font+Pretendard.swift */,
				CA5C5E7D2E096A4600FB1E22 /* RawFile */,
			);
			path = Font;
			sourceTree = "<group>";
		};
		CA35935A2E05118D0069FAF8 /* Category */ = {
			isa = PBXGroup;
			children = (
				CA35935B2E0511C70069FAF8 /* CategoryView.swift */,
				CA3593652E05952B0069FAF8 /* CategoryContentView.swift */,
			);
			path = Category;
			sourceTree = "<group>";
		};
		CA35935D2E05149E0069FAF8 /* Category */ = {
			isa = PBXGroup;
			children = (
				CA35935E2E0514AE0069FAF8 /* CategoryViewModel.swift */,
			);
			path = Category;
			sourceTree = "<group>";
		};
		CA3593622E0565600069FAF8 /* PreferenceKey */ = {
			isa = PBXGroup;
			children = (
				CA3593632E0565750069FAF8 /* ScrollOffsetKey.swift */,
			);
			path = PreferenceKey;
			sourceTree = "<group>";
		};
		CA5C5E7A2E09687A00FB1E22 /* Font */ = {
			isa = PBXGroup;
			children = (
				CA5C5E7B2E09688700FB1E22 /* FontType.swift */,
			);
			path = Font;
			sourceTree = "<group>";
		};
		CA5C5E7D2E096A4600FB1E22 /* RawFile */ = {
			isa = PBXGroup;
			children = (
				CA0BAD8F2E05BC6400595A80 /* Pretendard-Bold.otf */,
				CA0BAD8E2E05BC6400595A80 /* Pretendard-Black.otf */,
				CA0BAD912E05BC6400595A80 /* Pretendard-ExtraLight.otf */,
				CA0BAD902E05BC6400595A80 /* Pretendard-ExtraBold.otf */,
				CA0BAD922E05BC6400595A80 /* Pretendard-Light.otf */,
				CA0BAD932E05BC6400595A80 /* Pretendard-Medium.otf */,
				CA0BAD942E05BC6400595A80 /* Pretendard-Regular.otf */,
				CA0BAD952E05BC6400595A80 /* Pretendard-SemiBold.otf */,
				CA0BAD962E05BC6400595A80 /* Pretendard-Thin.otf */,
			);
			path = RawFile;
			sourceTree = "<group>";
		};
		CA83F6E32DFAF77D005377E6 /* Color */ = {
			isa = PBXGroup;
			children = (
				CA83F6E42DFAF788005377E6 /* Color+Hex.swift */,
				CA83F6E62DFAF7DF005377E6 /* Color+MainBackground.swift */,
				CA9609A32DFFCD7B00B878C6 /* Color+MainTitle.swift */,
			);
			path = Color;
			sourceTree = "<group>";
		};
		CA87FF762E014B6C00C8C830 /* SignUp */ = {
			isa = PBXGroup;
			children = (
				CA87FF772E014B7A00C8C830 /* SignUpViewModel.swift */,
				CA87FF892E02B66600C8C830 /* SignUpViewModel+Validate.swift */,
				CA87FF912E03DA8600C8C830 /* SignUpViewModel+IdentifyPhoneNumber.swift */,
				CA87FF932E040FDE00C8C830 /* SignUpViewModel+Complete.swift */,
			);
			path = SignUp;
			sourceTree = "<group>";
		};
		CA87FF792E014C2B00C8C830 /* User */ = {
			isa = PBXGroup;
			children = (
				CA87FF7A2E014C3300C8C830 /* JJUser.swift */,
				CA87FF7C2E024B5000C8C830 /* Gender.swift */,
			);
			path = User;
			sourceTree = "<group>";
		};
		CA87FF802E0284C800C8C830 /* Router */ = {
			isa = PBXGroup;
			children = (
				CA87FF812E0284EB00C8C830 /* ModifierIf.swift */,
			);
			path = Router;
			sourceTree = "<group>";
		};
		CA9609912DFBDE0100B878C6 /* Search */ = {
			isa = PBXGroup;
			children = (
				CA9609922DFBDE9B00B878C6 /* SearchView.swift */,
			);
			path = Search;
			sourceTree = "<group>";
		};
		CA9609942DFBDF1C00B878C6 /* Search */ = {
			isa = PBXGroup;
			children = (
				CA9609952DFBDF2900B878C6 /* SearchViewModel.swift */,
			);
			path = Search;
			sourceTree = "<group>";
		};
		CA9609972DFBE05300B878C6 /* Modifier */ = {
			isa = PBXGroup;
			children = (
				CA9609982DFBE05B00B878C6 /* Navigation */,
			);
			path = Modifier;
			sourceTree = "<group>";
		};
		CA9609982DFBE05B00B878C6 /* Navigation */ = {
			isa = PBXGroup;
			children = (
				CA87FF802E0284C800C8C830 /* Router */,
				CA9609992DFBE06400B878C6 /* NavigationBarBackModifier.swift */,
				CA96099B2DFBE08A00B878C6 /* NavigationBarBackAndHomeModifier.swift */,
				CA96099D2DFBE0F500B878C6 /* NavigationBarBackAndTitleModifier.swift */,
				CA87FF7E2E02829D00C8C830 /* NavigationBarTitleAndHomeModifier.swift */,
			);
			path = Navigation;
			sourceTree = "<group>";
		};
		CA96099F2DFBE1B400B878C6 /* Gesture */ = {
			isa = PBXGroup;
			children = (
				CA9609A02DFBE1BB00B878C6 /* Navigation */,
			);
			path = Gesture;
			sourceTree = "<group>";
		};
		CA9609A02DFBE1BB00B878C6 /* Navigation */ = {
			isa = PBXGroup;
			children = (
				CA9609A12DFBE1E100B878C6 /* NavigationBackGestureEnable.swift */,
			);
			path = Navigation;
			sourceTree = "<group>";
		};
		CA9609A52DFFCF6200B878C6 /* TabBar */ = {
			isa = PBXGroup;
			children = (
				CA9609A62DFFCF8100B878C6 /* MainTabBar.swift */,
			);
			path = TabBar;
			sourceTree = "<group>";
		};
		CA9609A82DFFCFEA00B878C6 /* Capsule */ = {
			isa = PBXGroup;
			children = (
				CA9609A92DFFCFFD00B878C6 /* MainTabBarCapsule.swift */,
			);
			path = Capsule;
			sourceTree = "<group>";
		};
		CA9609AB2DFFD01800B878C6 /* TabBar */ = {
			isa = PBXGroup;
			children = (
				CA9609AC2DFFD02300B878C6 /* MainTab.swift */,
			);
			path = TabBar;
			sourceTree = "<group>";
		};
		CA9609AE2DFFD14200B878C6 /* View Editor */ = {
			isa = PBXGroup;
			children = (
				CA9609AF2DFFD17900B878C6 /* CornerRadius.swift */,
				CA9609B12DFFD2BF00B878C6 /* RoundedCorner.swift */,
			);
			path = "View Editor";
			sourceTree = "<group>";
		};
		CA9609B32DFFD4F300B878C6 /* Profile */ = {
			isa = PBXGroup;
			children = (
				CA9609B42DFFD50400B878C6 /* ProfileView.swift */,
			);
			path = Profile;
			sourceTree = "<group>";
		};
		CA9609B62DFFD7EB00B878C6 /* Auth */ = {
			isa = PBXGroup;
			children = (
				CA9609B72DFFD85D00B878C6 /* LoginView.swift */,
				CA9609BC2DFFE34500B878C6 /* SignUp */,
			);
			path = Auth;
			sourceTree = "<group>";
		};
		CA9609B92DFFDA5700B878C6 /* Auth */ = {
			isa = PBXGroup;
			children = (
				CA9609BA2DFFDA6100B878C6 /* LoginViewModel.swift */,
				CA87FF762E014B6C00C8C830 /* SignUp */,
			);
			path = Auth;
			sourceTree = "<group>";
		};
		CA9609BC2DFFE34500B878C6 /* SignUp */ = {
			isa = PBXGroup;
			children = (
				CA9609BD2DFFE36300B878C6 /* SignUpView.swift */,
			);
			path = SignUp;
			sourceTree = "<group>";
		};
		CA9609C52E0018BE00B878C6 /* FocusField */ = {
			isa = PBXGroup;
			children = (
				CA9609C62E0018D800B878C6 /* TextFieldFocusField.swift */,
			);
			path = FocusField;
			sourceTree = "<group>";
		};
		CA9609C82E00222A00B878C6 /* Background */ = {
			isa = PBXGroup;
			children = (
				CA9609C92E00225500B878C6 /* MainBackground.swift */,
			);
			path = Background;
			sourceTree = "<group>";
		};
		CA9E38D72DFA5D2300AE12DD /* Home */ = {
			isa = PBXGroup;
			children = (
				CA9E38D82DFA5D3500AE12DD /* HomeView.swift */,
				CA35935A2E05118D0069FAF8 /* Category */,
				CA9609912DFBDE0100B878C6 /* Search */,
			);
			path = Home;
			sourceTree = "<group>";
		};
		CA9E38DA2DFA5FC800AE12DD /* Home */ = {
			isa = PBXGroup;
			children = (
				CA9E38DB2DFA5FD000AE12DD /* HomeViewModel.swift */,
				CA35935D2E05149E0069FAF8 /* Category */,
				CA9609942DFBDF1C00B878C6 /* Search */,
			);
			path = Home;
			sourceTree = "<group>";
		};
		CA9E38DD2DFA664B00AE12DD /* Carousel */ = {
			isa = PBXGroup;
			children = (
				CA9E38DE2DFA666700AE12DD /* CarouselCard.swift */,
			);
			path = Carousel;
			sourceTree = "<group>";
		};
		CABB13BB2DF690BE007C9E35 /* View Model (VM) */ = {
			isa = PBXGroup;
			children = (
				CA9609B92DFFDA5700B878C6 /* Auth */,
				CA9E38DA2DFA5FC800AE12DD /* Home */,
			);
			path = "View Model (VM)";
			sourceTree = "<group>";
		};
		CABB13BC2DF6923A007C9E35 /* Splash */ = {
			isa = PBXGroup;
			children = (
				CABB13BD2DF69261007C9E35 /* SplashView.swift */,
			);
			path = Splash;
			sourceTree = "<group>";
		};
/* End PBXGroup section */

/* Begin PBXNativeTarget section */
		CA0915392DF1289A00E272F8 /* Jamjam */ = {
			isa = PBXNativeTarget;
			buildConfigurationList = CA0915452DF1289A00E272F8 /* Build configuration list for PBXNativeTarget "Jamjam" */;
			buildPhases = (
				CA0915362DF1289A00E272F8 /* Sources */,
				CA0915372DF1289A00E272F8 /* Frameworks */,
				CA0915382DF1289A00E272F8 /* Resources */,
			);
			buildRules = (
			);
			dependencies = (
			);
			name = Jamjam;
			packageProductDependencies = (
				CA87FF6E2E00305600C8C830 /* CarouselStack */,
				CA87FF702E00305600C8C830 /* ShuffleDeck */,
				CA87FF722E00305600C8C830 /* ShuffleIt */,
				CA87FF742E00305600C8C830 /* ShuffleStack */,
			);
			productName = Jamjam;
			productReference = CA09153A2DF1289A00E272F8 /* Jamjam.app */;
			productType = "com.apple.product-type.application";
		};
/* End PBXNativeTarget section */

/* Begin PBXProject section */
		CA0915322DF1289A00E272F8 /* Project object */ = {
			isa = PBXProject;
			attributes = {
				BuildIndependentTargetsInParallel = 1;
				LastSwiftUpdateCheck = 1630;
				LastUpgradeCheck = 1640;
				TargetAttributes = {
					CA0915392DF1289A00E272F8 = {
						CreatedOnToolsVersion = 16.3;
					};
				};
			};
			buildConfigurationList = CA0915352DF1289A00E272F8 /* Build configuration list for PBXProject "Jamjam" */;
			developmentRegion = en;
			hasScannedForEncodings = 0;
			knownRegions = (
				en,
				Base,
			);
			mainGroup = CA0915312DF1289A00E272F8;
			minimizedProjectReferenceProxies = 1;
			packageReferences = (
				CA87FF6D2E00305600C8C830 /* XCRemoteSwiftPackageReference "ShuffleIt" */,
			);
			preferredProjectObjectVersion = 77;
			productRefGroup = CA09153B2DF1289A00E272F8 /* Products */;
			projectDirPath = "";
			projectRoot = "";
			targets = (
				CA0915392DF1289A00E272F8 /* Jamjam */,
			);
		};
/* End PBXProject section */

/* Begin PBXResourcesBuildPhase section */
		CA0915382DF1289A00E272F8 /* Resources */ = {
			isa = PBXResourcesBuildPhase;
			buildActionMask = 2147483647;
			files = (
				CA0915522DF129EC00E272F8 /* .gitignore in Resources */,
				CA09154C2DF128A400E272F8 /* Assets.xcassets in Resources */,
				CA0BAD972E05BC6400595A80 /* Pretendard-Bold.otf in Resources */,
				CA0BAD982E05BC6400595A80 /* Pretendard-Thin.otf in Resources */,
				CA0BAD992E05BC6400595A80 /* Pretendard-Regular.otf in Resources */,
				CA0BAD9A2E05BC6400595A80 /* Pretendard-Medium.otf in Resources */,
				CA0BAD9B2E05BC6400595A80 /* Pretendard-ExtraBold.otf in Resources */,
				CA0BAD9C2E05BC6400595A80 /* Pretendard-ExtraLight.otf in Resources */,
				CA0BAD9D2E05BC6400595A80 /* Pretendard-Light.otf in Resources */,
				CA0BAD9E2E05BC6400595A80 /* Pretendard-SemiBold.otf in Resources */,
				CA0BAD9F2E05BC6400595A80 /* Pretendard-Black.otf in Resources */,
			);
			runOnlyForDeploymentPostprocessing = 0;
		};
/* End PBXResourcesBuildPhase section */

/* Begin PBXSourcesBuildPhase section */
		CA0915362DF1289A00E272F8 /* Sources */ = {
			isa = PBXSourcesBuildPhase;
			buildActionMask = 2147483647;
			files = (
				CA87FF7F2E02829D00C8C830 /* NavigationBarTitleAndHomeModifier.swift in Sources */,
				CA96099A2DFBE06400B878C6 /* NavigationBarBackModifier.swift in Sources */,
				CA5C5E7C2E09688700FB1E22 /* FontType.swift in Sources */,
				CA5C5E812E096AAA00FB1E22 /* Font+Pretendard.swift in Sources */,
				CA9609C72E0018D800B878C6 /* TextFieldFocusField.swift in Sources */,
				CA83F6E52DFAF788005377E6 /* Color+Hex.swift in Sources */,
				CA09154D2DF128A400E272F8 /* ContentView.swift in Sources */,
				CA87FF822E0284EB00C8C830 /* ModifierIf.swift in Sources */,
				CA9609AA2DFFCFFD00B878C6 /* MainTabBarCapsule.swift in Sources */,
				CA9609962DFBDF2900B878C6 /* SearchViewModel.swift in Sources */,
				CA5C5E7F2E096A7D00FB1E22 /* Pretendard.swift in Sources */,
				CA35935F2E0514AE0069FAF8 /* CategoryViewModel.swift in Sources */,
				CA9E38DF2DFA666700AE12DD /* CarouselCard.swift in Sources */,
				CA9609A42DFFCD7B00B878C6 /* Color+MainTitle.swift in Sources */,
				CA9609A72DFFCF8100B878C6 /* MainTabBar.swift in Sources */,
				CA9E38DC2DFA5FD000AE12DD /* HomeViewModel.swift in Sources */,
				CA09154E2DF128A400E272F8 /* JamjamApp.swift in Sources */,
				CA96099E2DFBE0F500B878C6 /* NavigationBarBackAndTitleModifier.swift in Sources */,
				CA35935C2E0511C70069FAF8 /* CategoryView.swift in Sources */,
				CA87FF922E03DA8600C8C830 /* SignUpViewModel+IdentifyPhoneNumber.swift in Sources */,
				CA9E38D92DFA5D3500AE12DD /* HomeView.swift in Sources */,
				CA09155B2DF12CF700E272F8 /* NavigationRouter.swift in Sources */,
				CA0915542DF12B7E00E272F8 /* NavigationBaseView.swift in Sources */,
				CA3593642E0565750069FAF8 /* ScrollOffsetKey.swift in Sources */,
				CA9609B52DFFD50400B878C6 /* ProfileView.swift in Sources */,
				CA87FF7D2E024B5000C8C830 /* Gender.swift in Sources */,
				CA9609B02DFFD17900B878C6 /* CornerRadius.swift in Sources */,
				CA83F6E72DFAF7DF005377E6 /* Color+MainBackground.swift in Sources */,
				CA87FF782E014B7A00C8C830 /* SignUpViewModel.swift in Sources */,
				CA87FF8A2E02B66600C8C830 /* SignUpViewModel+Validate.swift in Sources */,
				CA9609932DFBDE9B00B878C6 /* SearchView.swift in Sources */,
				CA0915562DF12B9400E272F8 /* AisleView.swift in Sources */,
				CA9609AD2DFFD02300B878C6 /* MainTab.swift in Sources */,
				CA9609BB2DFFDA6100B878C6 /* LoginViewModel.swift in Sources */,
				CA9609B22DFFD2BF00B878C6 /* RoundedCorner.swift in Sources */,
				CA9609B82DFFD85D00B878C6 /* LoginView.swift in Sources */,
				CA9609CA2E00225500B878C6 /* MainBackground.swift in Sources */,
				CA0915582DF12BBF00E272F8 /* MainTabView.swift in Sources */,
				CA87FF942E040FDE00C8C830 /* SignUpViewModel+Complete.swift in Sources */,
				CA09155D2DF12D6A00E272F8 /* NavigationDestinationPath.swift in Sources */,
				CA9609A22DFBE1E100B878C6 /* NavigationBackGestureEnable.swift in Sources */,
				CA9609BE2DFFE36300B878C6 /* SignUpView.swift in Sources */,
				CA96099C2DFBE08A00B878C6 /* NavigationBarBackAndHomeModifier.swift in Sources */,
				CABB13BE2DF69261007C9E35 /* SplashView.swift in Sources */,
				CA87FF7B2E014C3300C8C830 /* JJUser.swift in Sources */,
				CA3593662E05952B0069FAF8 /* CategoryContentView.swift in Sources */,
			);
			runOnlyForDeploymentPostprocessing = 0;
		};
/* End PBXSourcesBuildPhase section */

/* Begin XCBuildConfiguration section */
		CA0915432DF1289A00E272F8 /* Debug */ = {
			isa = XCBuildConfiguration;
			baseConfigurationReference = CA09154F2DF129C900E272F8 /* Config.xcconfig */;
			buildSettings = {
				ALWAYS_SEARCH_USER_PATHS = NO;
				ASSETCATALOG_COMPILER_GENERATE_SWIFT_ASSET_SYMBOL_EXTENSIONS = YES;
				CLANG_ANALYZER_NONNULL = YES;
				CLANG_ANALYZER_NUMBER_OBJECT_CONVERSION = YES_AGGRESSIVE;
				CLANG_CXX_LANGUAGE_STANDARD = "gnu++20";
				CLANG_ENABLE_MODULES = YES;
				CLANG_ENABLE_OBJC_ARC = YES;
				CLANG_ENABLE_OBJC_WEAK = YES;
				CLANG_WARN_BLOCK_CAPTURE_AUTORELEASING = YES;
				CLANG_WARN_BOOL_CONVERSION = YES;
				CLANG_WARN_COMMA = YES;
				CLANG_WARN_CONSTANT_CONVERSION = YES;
				CLANG_WARN_DEPRECATED_OBJC_IMPLEMENTATIONS = YES;
				CLANG_WARN_DIRECT_OBJC_ISA_USAGE = YES_ERROR;
				CLANG_WARN_DOCUMENTATION_COMMENTS = YES;
				CLANG_WARN_EMPTY_BODY = YES;
				CLANG_WARN_ENUM_CONVERSION = YES;
				CLANG_WARN_INFINITE_RECURSION = YES;
				CLANG_WARN_INT_CONVERSION = YES;
				CLANG_WARN_NON_LITERAL_NULL_CONVERSION = YES;
				CLANG_WARN_OBJC_IMPLICIT_RETAIN_SELF = YES;
				CLANG_WARN_OBJC_LITERAL_CONVERSION = YES;
				CLANG_WARN_OBJC_ROOT_CLASS = YES_ERROR;
				CLANG_WARN_QUOTED_INCLUDE_IN_FRAMEWORK_HEADER = YES;
				CLANG_WARN_RANGE_LOOP_ANALYSIS = YES;
				CLANG_WARN_STRICT_PROTOTYPES = YES;
				CLANG_WARN_SUSPICIOUS_MOVE = YES;
				CLANG_WARN_UNGUARDED_AVAILABILITY = YES_AGGRESSIVE;
				CLANG_WARN_UNREACHABLE_CODE = YES;
				CLANG_WARN__DUPLICATE_METHOD_MATCH = YES;
				COPY_PHASE_STRIP = NO;
				DEBUG_INFORMATION_FORMAT = dwarf;
				DEVELOPMENT_TEAM = B3TSGMGBBP;
				ENABLE_STRICT_OBJC_MSGSEND = YES;
				ENABLE_TESTABILITY = YES;
				ENABLE_USER_SCRIPT_SANDBOXING = YES;
				GCC_C_LANGUAGE_STANDARD = gnu17;
				GCC_DYNAMIC_NO_PIC = NO;
				GCC_NO_COMMON_BLOCKS = YES;
				GCC_OPTIMIZATION_LEVEL = 0;
				GCC_PREPROCESSOR_DEFINITIONS = (
					"DEBUG=1",
					"$(inherited)",
				);
				GCC_WARN_64_TO_32_BIT_CONVERSION = YES;
				GCC_WARN_ABOUT_RETURN_TYPE = YES_ERROR;
				GCC_WARN_UNDECLARED_SELECTOR = YES;
				GCC_WARN_UNINITIALIZED_AUTOS = YES_AGGRESSIVE;
				GCC_WARN_UNUSED_FUNCTION = YES;
				GCC_WARN_UNUSED_VARIABLE = YES;
				IPHONEOS_DEPLOYMENT_TARGET = 18.4;
				LOCALIZATION_PREFERS_STRING_CATALOGS = YES;
				MTL_ENABLE_DEBUG_INFO = INCLUDE_SOURCE;
				MTL_FAST_MATH = YES;
				ONLY_ACTIVE_ARCH = YES;
				SDKROOT = iphoneos;
				SWIFT_ACTIVE_COMPILATION_CONDITIONS = "DEBUG $(inherited)";
				SWIFT_OPTIMIZATION_LEVEL = "-Onone";
			};
			name = Debug;
		};
		CA0915442DF1289A00E272F8 /* Release */ = {
			isa = XCBuildConfiguration;
			baseConfigurationReference = CA09154F2DF129C900E272F8 /* Config.xcconfig */;
			buildSettings = {
				ALWAYS_SEARCH_USER_PATHS = NO;
				ASSETCATALOG_COMPILER_GENERATE_SWIFT_ASSET_SYMBOL_EXTENSIONS = YES;
				CLANG_ANALYZER_NONNULL = YES;
				CLANG_ANALYZER_NUMBER_OBJECT_CONVERSION = YES_AGGRESSIVE;
				CLANG_CXX_LANGUAGE_STANDARD = "gnu++20";
				CLANG_ENABLE_MODULES = YES;
				CLANG_ENABLE_OBJC_ARC = YES;
				CLANG_ENABLE_OBJC_WEAK = YES;
				CLANG_WARN_BLOCK_CAPTURE_AUTORELEASING = YES;
				CLANG_WARN_BOOL_CONVERSION = YES;
				CLANG_WARN_COMMA = YES;
				CLANG_WARN_CONSTANT_CONVERSION = YES;
				CLANG_WARN_DEPRECATED_OBJC_IMPLEMENTATIONS = YES;
				CLANG_WARN_DIRECT_OBJC_ISA_USAGE = YES_ERROR;
				CLANG_WARN_DOCUMENTATION_COMMENTS = YES;
				CLANG_WARN_EMPTY_BODY = YES;
				CLANG_WARN_ENUM_CONVERSION = YES;
				CLANG_WARN_INFINITE_RECURSION = YES;
				CLANG_WARN_INT_CONVERSION = YES;
				CLANG_WARN_NON_LITERAL_NULL_CONVERSION = YES;
				CLANG_WARN_OBJC_IMPLICIT_RETAIN_SELF = YES;
				CLANG_WARN_OBJC_LITERAL_CONVERSION = YES;
				CLANG_WARN_OBJC_ROOT_CLASS = YES_ERROR;
				CLANG_WARN_QUOTED_INCLUDE_IN_FRAMEWORK_HEADER = YES;
				CLANG_WARN_RANGE_LOOP_ANALYSIS = YES;
				CLANG_WARN_STRICT_PROTOTYPES = YES;
				CLANG_WARN_SUSPICIOUS_MOVE = YES;
				CLANG_WARN_UNGUARDED_AVAILABILITY = YES_AGGRESSIVE;
				CLANG_WARN_UNREACHABLE_CODE = YES;
				CLANG_WARN__DUPLICATE_METHOD_MATCH = YES;
				COPY_PHASE_STRIP = NO;
				DEBUG_INFORMATION_FORMAT = "dwarf-with-dsym";
				DEVELOPMENT_TEAM = B3TSGMGBBP;
				ENABLE_NS_ASSERTIONS = NO;
				ENABLE_STRICT_OBJC_MSGSEND = YES;
				ENABLE_USER_SCRIPT_SANDBOXING = YES;
				GCC_C_LANGUAGE_STANDARD = gnu17;
				GCC_NO_COMMON_BLOCKS = YES;
				GCC_WARN_64_TO_32_BIT_CONVERSION = YES;
				GCC_WARN_ABOUT_RETURN_TYPE = YES_ERROR;
				GCC_WARN_UNDECLARED_SELECTOR = YES;
				GCC_WARN_UNINITIALIZED_AUTOS = YES_AGGRESSIVE;
				GCC_WARN_UNUSED_FUNCTION = YES;
				GCC_WARN_UNUSED_VARIABLE = YES;
				IPHONEOS_DEPLOYMENT_TARGET = 18.4;
				LOCALIZATION_PREFERS_STRING_CATALOGS = YES;
				MTL_ENABLE_DEBUG_INFO = NO;
				MTL_FAST_MATH = YES;
				SDKROOT = iphoneos;
				SWIFT_COMPILATION_MODE = wholemodule;
				VALIDATE_PRODUCT = YES;
			};
			name = Release;
		};
		CA0915462DF1289A00E272F8 /* Debug */ = {
			isa = XCBuildConfiguration;
			baseConfigurationReference = CA09154F2DF129C900E272F8 /* Config.xcconfig */;
			buildSettings = {
				ASSETCATALOG_COMPILER_APPICON_NAME = AppIcon;
				ASSETCATALOG_COMPILER_GLOBAL_ACCENT_COLOR_NAME = AccentColor;
				CODE_SIGN_STYLE = Automatic;
				CURRENT_PROJECT_VERSION = 1;
				DEVELOPMENT_TEAM = B3TSGMGBBP;
				ENABLE_PREVIEWS = YES;
				GENERATE_INFOPLIST_FILE = YES;
				INFOPLIST_FILE = Jamjam/Info.plist;
				INFOPLIST_KEY_CFBundleDisplayName = "잼잼";
				INFOPLIST_KEY_LSApplicationCategoryType = "public.app-category.business";
				INFOPLIST_KEY_UIApplicationSceneManifest_Generation = YES;
				INFOPLIST_KEY_UIApplicationSupportsIndirectInputEvents = YES;
				INFOPLIST_KEY_UILaunchScreen_Generation = YES;
				INFOPLIST_KEY_UISupportedInterfaceOrientations = UIInterfaceOrientationPortrait;
				INFOPLIST_KEY_UISupportedInterfaceOrientations_iPad = "UIInterfaceOrientationLandscapeLeft UIInterfaceOrientationLandscapeRight UIInterfaceOrientationPortrait UIInterfaceOrientationPortraitUpsideDown";
				IPHONEOS_DEPLOYMENT_TARGET = 18.0;
				LD_RUNPATH_SEARCH_PATHS = (
					"$(inherited)",
					"@executable_path/Frameworks",
				);
				MARKETING_VERSION = 1.0.0;
				PRODUCT_BUNDLE_IDENTIFIER = com.khi.Jamjam;
				PRODUCT_NAME = "$(TARGET_NAME)";
				SUPPORTED_PLATFORMS = "iphoneos iphonesimulator";
				SUPPORTS_MACCATALYST = NO;
				SUPPORTS_MAC_DESIGNED_FOR_IPHONE_IPAD = NO;
				SUPPORTS_XR_DESIGNED_FOR_IPHONE_IPAD = NO;
				SWIFT_EMIT_LOC_STRINGS = YES;
				SWIFT_VERSION = 5.0;
				TARGETED_DEVICE_FAMILY = 1;
			};
			name = Debug;
		};
		CA0915472DF1289A00E272F8 /* Release */ = {
			isa = XCBuildConfiguration;
			baseConfigurationReference = CA09154F2DF129C900E272F8 /* Config.xcconfig */;
			buildSettings = {
				ASSETCATALOG_COMPILER_APPICON_NAME = AppIcon;
				ASSETCATALOG_COMPILER_GLOBAL_ACCENT_COLOR_NAME = AccentColor;
				CODE_SIGN_STYLE = Automatic;
				CURRENT_PROJECT_VERSION = 1;
				DEVELOPMENT_TEAM = B3TSGMGBBP;
				ENABLE_PREVIEWS = YES;
				GENERATE_INFOPLIST_FILE = YES;
				INFOPLIST_FILE = Jamjam/Info.plist;
				INFOPLIST_KEY_CFBundleDisplayName = "잼잼";
				INFOPLIST_KEY_LSApplicationCategoryType = "public.app-category.business";
				INFOPLIST_KEY_UIApplicationSceneManifest_Generation = YES;
				INFOPLIST_KEY_UIApplicationSupportsIndirectInputEvents = YES;
				INFOPLIST_KEY_UILaunchScreen_Generation = YES;
				INFOPLIST_KEY_UISupportedInterfaceOrientations = UIInterfaceOrientationPortrait;
				INFOPLIST_KEY_UISupportedInterfaceOrientations_iPad = "UIInterfaceOrientationLandscapeLeft UIInterfaceOrientationLandscapeRight UIInterfaceOrientationPortrait UIInterfaceOrientationPortraitUpsideDown";
				IPHONEOS_DEPLOYMENT_TARGET = 18.0;
				LD_RUNPATH_SEARCH_PATHS = (
					"$(inherited)",
					"@executable_path/Frameworks",
				);
				MARKETING_VERSION = 1.0.0;
				PRODUCT_BUNDLE_IDENTIFIER = com.khi.Jamjam;
				PRODUCT_NAME = "$(TARGET_NAME)";
				SUPPORTED_PLATFORMS = "iphoneos iphonesimulator";
				SUPPORTS_MACCATALYST = NO;
				SUPPORTS_MAC_DESIGNED_FOR_IPHONE_IPAD = NO;
				SUPPORTS_XR_DESIGNED_FOR_IPHONE_IPAD = NO;
				SWIFT_EMIT_LOC_STRINGS = YES;
				SWIFT_VERSION = 5.0;
				TARGETED_DEVICE_FAMILY = 1;
			};
			name = Release;
		};
/* End XCBuildConfiguration section */

/* Begin XCConfigurationList section */
		CA0915352DF1289A00E272F8 /* Build configuration list for PBXProject "Jamjam" */ = {
			isa = XCConfigurationList;
			buildConfigurations = (
				CA0915432DF1289A00E272F8 /* Debug */,
				CA0915442DF1289A00E272F8 /* Release */,
			);
			defaultConfigurationIsVisible = 0;
			defaultConfigurationName = Release;
		};
		CA0915452DF1289A00E272F8 /* Build configuration list for PBXNativeTarget "Jamjam" */ = {
			isa = XCConfigurationList;
			buildConfigurations = (
				CA0915462DF1289A00E272F8 /* Debug */,
				CA0915472DF1289A00E272F8 /* Release */,
			);
			defaultConfigurationIsVisible = 0;
			defaultConfigurationName = Release;
		};
/* End XCConfigurationList section */

/* Begin XCRemoteSwiftPackageReference section */
		CA87FF6D2E00305600C8C830 /* XCRemoteSwiftPackageReference "ShuffleIt" */ = {
			isa = XCRemoteSwiftPackageReference;
			repositoryURL = "https://github.com/dscyrescotti/ShuffleIt";
			requirement = {
				branch = main;
				kind = branch;
			};
		};
/* End XCRemoteSwiftPackageReference section */

/* Begin XCSwiftPackageProductDependency section */
		CA87FF6E2E00305600C8C830 /* CarouselStack */ = {
			isa = XCSwiftPackageProductDependency;
			package = CA87FF6D2E00305600C8C830 /* XCRemoteSwiftPackageReference "ShuffleIt" */;
			productName = CarouselStack;
		};
		CA87FF702E00305600C8C830 /* ShuffleDeck */ = {
			isa = XCSwiftPackageProductDependency;
			package = CA87FF6D2E00305600C8C830 /* XCRemoteSwiftPackageReference "ShuffleIt" */;
			productName = ShuffleDeck;
		};
		CA87FF722E00305600C8C830 /* ShuffleIt */ = {
			isa = XCSwiftPackageProductDependency;
			package = CA87FF6D2E00305600C8C830 /* XCRemoteSwiftPackageReference "ShuffleIt" */;
			productName = ShuffleIt;
		};
		CA87FF742E00305600C8C830 /* ShuffleStack */ = {
			isa = XCSwiftPackageProductDependency;
			package = CA87FF6D2E00305600C8C830 /* XCRemoteSwiftPackageReference "ShuffleIt" */;
			productName = ShuffleStack;
		};
/* End XCSwiftPackageProductDependency section */
	};
	rootObject = CA0915322DF1289A00E272F8 /* Project object */;
}
